
Microsoft Visual Studio Solution File, Format Version 12.00
# Visual Studio 14
VisualStudioVersion = 14.0.23107.0
MinimumVisualStudioVersion = 10.0.40219.1
Project("{8BC9CEB8-8B4A-11D0-8D11-00A0C91BC942}") = "Bank", "Bank.vcxproj", "{131AF718-1F72-4A24-AE4F-48AF4437943C}"
EndProject
Project("{8BC9CEB8-8B4A-11D0-8D11-00A0C91BC942}") = "ComponentMain", "..\..\ComponentMain\ComponentMain\ComponentMain.vcxproj", "{D2033D76-CDB9-42A8-87EC-1D1D6AD646B2}"
EndProject
Global
	GlobalSection(SolutionConfigurationPlatforms) = preSolution
		Debug|Win32 = Debug|Win32
		Debug|x64 = Debug|x64
		Release|Win32 = Release|Win32
		Release|x64 = Release|x64
	EndGlobalSection
	GlobalSection(ProjectConfigurationPlatforms) = postSolution
		{131AF718-1F72-4A24-AE4F-48AF4437943C}.Debug|Win32.ActiveCfg = Debug|Win32
		{131AF718-1F72-4A24-AE4F-48AF4437943C}.Debug|Win32.Build.0 = Debug|Win32
		{131AF718-1F72-4A24-AE4F-48AF4437943C}.Debug|x64.ActiveCfg = Debug|x64
		{131AF718-1F72-4A24-AE4F-48AF4437943C}.Debug|x64.Build.0 = Debug|x64
		{131AF718-1F72-4A24-AE4F-48AF4437943C}.Release|Win32.ActiveCfg = Release|Win32
		{131AF718-1F72-4A24-AE4F-48AF4437943C}.Release|Win32.Build.0 = Release|Win32
		{131AF718-1F72-4A24-AE4F-48AF4437943C}.Release|x64.ActiveCfg = Release|x64
		{131AF718-1F72-4A24-AE4F-48AF4437943C}.Release|x64.Build.0 = Release|x64
		{D2033D76-CDB9-42A8-87EC-1D1D6AD646B2}.Debug|Win32.ActiveCfg = Debug|Win32
		{D2033D76-CDB9-42A8-87EC-1D1D6AD646B2}.Debug|Win32.Build.0 = Debug|Win32
		{D2033D76-CDB9-42A8-87EC-1D1D6AD646B2}.Debug|x64.ActiveCfg = Debug|x64
		{D2033D76-CDB9-42A8-87EC-1D1D6AD646B2}.Debug|x64.Build.0 = Debug|x64
		{D2033D76-CDB9-42A8-87EC-1D1D6AD646B2}.Release|Win32.ActiveCfg = Release|Win32
		{D2033D76-CDB9-42A8-87EC-1D1D6AD646B2}.Release|Win32.Build.0 = Release|Win32
		{D2033D76-CDB9-42A8-87EC-1D1D6AD646B2}.Release|x64.ActiveCfg = Release|x64
		{D2033D76-CDB9-42A8-87EC-1D1D6AD646B2}.Release|x64.Build.0 = Release|x64
	EndGlobalSection
	GlobalSection(SolutionProperties) = preSolution
		HideSolutionNode = FALSE
	EndGlobalSection
EndGlobal
